github.com/dustin/go-humanize v1.0.0 h1:VSnTsYCnlFHaM2/igO1h6X3HA71jcobQuxemgkq4zYo=
github.com/dustin/go-humanize v1.0.0/go.mod h1:HtrtbFcZ19U5GC7JDqmcUSB87Iq5E25KnS6fMYU6eOk=
github.com/remyoudompheng/bigfft v0.0.0-20200410134404-eec4a21b6bb0 h1:OdAsTTz6OkFY5QxjkYwrChwuRruF69c169dPK26NUlk=
github.com/remyoudompheng/bigfft v0.0.0-20200410134404-eec4a21b6bb0/go.mod h1:qqbHyh8v60DhA7CoWK5oRCqLrMHRGoxYCSS9EjAz6Eo=
golang.org/x/exp v0.0.0-20181106170214-d68db9428509 h1:k21GX33vzpH/syMF7TgrLxe8ILtvwbyuHtEO3ebR82E=
golang.org/x/exp v0.0.0-20181106170214-d68db9428509/go.mod h1:CJ0aWSM057203Lf6IL+f9T1iT9GByDxfZKAQTCR3kQA=
modernc.org/ebnf v1.1.0 h1:ilLq2kO1xGezeg75RyKffLsCLdamQHEmjv0CVq1QEQU=
modernc.org/ebnf v1.1.0/go.mod h1:CNIo7vuji3SyjIP/VhEumIKlAguC1g64mcdk/+VJW/w=
modernc.org/ebnfutil v1.0.2 h1:wSnDDiynG3ACXx57YpEbjeCxVnC5Qz7CBry19+NeYow=
modernc.org/ebnfutil v1.0.2/go.mod h1:CeS48oeGM/7AJeeoi0RzJjPCOjJZrvGnjYqoKALRxfc=
modernc.org/fileutil v1.0.0 h1:Z1AFLZwl6BO8A5NldQg/xTSjGLetp+1Ubvl4alfGx8w=
modernc.org/fileutil v1.0.0/go.mod h1:JHsWpkrk/CnVV1H/eGlFf85BEpfkrp56ro8nojIq9Q8=
modernc.org/gc/v2 v2.0.0-20220516112824-550e07b9c9dd h1:sWCpzIU0Cg2zV+Dk5W+WbTt3XdlBMkK85+AgNMEa14k=
modernc.org/gc/v2 v2.0.0-20220516112824-550e07b9c9dd/go.mod h1:NrHzmoK6rwqZsL7tcwRbxSHeDTiiKNKLPamx7busGq0=
modernc.org/golex v1.0.1 h1:EYKY1a3wStt0RzHaH8mdSRNg78Ub0OHxYfCRWw35YtM=
modernc.org/golex v1.0.1/go.mod h1:QCA53QtsT1NdGkaZZkF5ezFwk4IXh4BGNafAARTC254=
modernc.org/lex v1.0.0/go.mod h1:G6rxMTy3cH2iA0iXL/HRRv4Znu8MK4higxph/lE7ypk=
modernc.org/lex v1.1.0 h1:iMSXkjiXhFsYBoaoCK546rE4IiC6wi2chpC52Y8ZNdI=
modernc.org/lex v1.1.0/go.mod h1:+ojes+j0JYCaqwKYCBjcUavscJHmWFKvViUTMU4VjLA=
modernc.org/lexer v1.0.0 h1:D2xE6YTaH7aiEC7o/+rbx6qTAEr1uY83peKwkamIdQ0=
modernc.org/lexer v1.0.0/go.mod h1:F/Dld0YKYdZCLQ7bD0USbWL4YKCyTDRDHiDTOs0q0vk=
modernc.org/mathutil v1.0.0/go.mod h1:wU0vUrJsVWBZ4P6e7xtFJEhFSNsfRLJ8H458uRjg03k=
modernc.org/mathutil v1.4.1 h1:ij3fYGe8zBF4Vu+g0oT7mB06r8sqGWKuJu1yXeR4by8=
modernc.org/parser v1.0.0 h1:MdpJ9zSsHDya70GphGGR66xpHKAs6742vvDUuAFiWJk=
modernc.org/parser v1.0.0/go.mod h1:H20AntYJ2cHHL6MHthJ8LZzXCdDCHMWt1KZXtIMjejA=
modernc.org/scannertest v1.0.0 h1:87+HefISs60/daPGFYIOpADBxy0kgFz5tIoCXLdL2Uo=
modernc.org/scannertest v1.0.0/go.mod h1:9qnOCV+wSvq1o9hcOPNwRorND4qpZdtmTvmcdKyN3iE=
modernc.org/sortutil v1.0.0 h1:SUTM1sCR0Ldpv7dbB/KCPC2zHHsZ1KrSkhmGmmV22CQ=
modernc.org/sortutil v1.0.0/go.mod h1:1QO0q8IlIlmjBIwm6t/7sof874+xCfZouyqZMLIAtxM=
modernc.org/strutil v1.0.0/go.mod h1:lstksw84oURvj9y3tn8lGvRxyRC1S2+g5uuIzNfIOBs=
modernc.org/strutil v1.1.2 h1:iFBDH6j1Z0bN/Q9udJnnFoFpENA4252qe/7/5woE5MI=
modernc.org/strutil v1.1.2/go.mod h1:OYajnUAcI/MX+XD/Wx7v1bbdvcQSvxgtb0gC+u3d3eg=
modernc.org/token v1.0.0 h1:a0jaWiNMDhDUtqOj09wvjWWAqd3q7WpBulmL9H2egsk=
modernc.org/token v1.0.0/go.mod h1:UGzOrNV1mAFSEB63lOFHIpNRUVMvYTc6yu1SMY/XTDM=
modernc.org/y v1.0.2 h1:cM+jXf12D9zCyRMbzGAB48aEJ94b7ac97M/puMgmHW0=
modernc.org/y v1.0.2/go.mod h1:Ho86I+LVHEI+LYXoUKlmOMAM1JTXOCfj8qi1T8PsClE=
